// !$*UTF8*$!
{
	archiveVersion = 1;
	classes = {
	};
	objectVersion = 46;
	objects = {

/* Begin PBXBuildFile section */
		93E686441D8A9DA20078A737 /* AppDelegate.swift in Sources */ = {isa = PBXBuildFile; fileRef = 93E686431D8A9DA20078A737 /* AppDelegate.swift */; };
		93E686461D8A9DA20078A737 /* ViewController.swift in Sources */ = {isa = PBXBuildFile; fileRef = 93E686451D8A9DA20078A737 /* ViewController.swift */; };
		93E686491D8A9DA20078A737 /* Main.storyboard in Resources */ = {isa = PBXBuildFile; fileRef = 93E686471D8A9DA20078A737 /* Main.storyboard */; };
		93E6864B1D8A9DA20078A737 /* Assets.xcassets in Resources */ = {isa = PBXBuildFile; fileRef = 93E6864A1D8A9DA20078A737 /* Assets.xcassets */; };
		93E6864E1D8A9DA20078A737 /* LaunchScreen.storyboard in Resources */ = {isa = PBXBuildFile; fileRef = 93E6864C1D8A9DA20078A737 /* LaunchScreen.storyboard */; };
		93E686591D8A9DA20078A737 /* KebabMenuSwiftTests.swift in Sources */ = {isa = PBXBuildFile; fileRef = 93E686581D8A9DA20078A737 /* KebabMenuSwiftTests.swift */; };
		93E686641D8A9DA20078A737 /* KebabMenuSwiftUITests.swift in Sources */ = {isa = PBXBuildFile; fileRef = 93E686631D8A9DA20078A737 /* KebabMenuSwiftUITests.swift */; };
		93E686761D8A9E610078A737 /* Menu.swift in Sources */ = {isa = PBXBuildFile; fileRef = 93E686721D8A9E610078A737 /* Menu.swift */; };
		93E686771D8A9E610078A737 /* MenuCell.swift in Sources */ = {isa = PBXBuildFile; fileRef = 93E686731D8A9E610078A737 /* MenuCell.swift */; };
		93E686781D8A9E610078A737 /* MenuCell.xib in Resources */ = {isa = PBXBuildFile; fileRef = 93E686741D8A9E610078A737 /* MenuCell.xib */; };
		93E686791D8A9E610078A737 /* MenuLauncher.swift in Sources */ = {isa = PBXBuildFile; fileRef = 93E686751D8A9E610078A737 /* MenuLauncher.swift */; };
/* End PBXBuildFile section */

/* Begin PBXContainerItemProxy section */
		93E686551D8A9DA20078A737 /* PBXContainerItemProxy */ = {
			isa = PBXContainerItemProxy;
			containerPortal = 93E686381D8A9DA20078A737 /* Project object */;
			proxyType = 1;
			remoteGlobalIDString = 93E6863F1D8A9DA20078A737;
			remoteInfo = KebabMenuSwift;
		};
		93E686601D8A9DA20078A737 /* PBXContainerItemProxy */ = {
			isa = PBXContainerItemProxy;
			containerPortal = 93E686381D8A9DA20078A737 /* Project object */;
			proxyType = 1;
			remoteGlobalIDString = 93E6863F1D8A9DA20078A737;
			remoteInfo = KebabMenuSwift;
		};
/* End PBXContainerItemProxy section */

/* Begin PBXFileReference section */
		93E686401D8A9DA20078A737 /* KebabMenuSwift.app */ = {isa = PBXFileReference; explicitFileType = wrapper.application; includeInIndex = 0; path = KebabMenuSwift.app; sourceTree = BUILT_PRODUCTS_DIR; };
		93E686431D8A9DA20078A737 /* AppDelegate.swift */ = {isa = PBXFileReference; lastKnownFileType = sourcecode.swift; path = AppDelegate.swift; sourceTree = "<group>"; };
		93E686451D8A9DA20078A737 /* ViewController.swift */ = {isa = PBXFileReference; lastKnownFileType = sourcecode.swift; path = ViewController.swift; sourceTree = "<group>"; };
		93E686481D8A9DA20078A737 /* Base */ = {isa = PBXFileReference; lastKnownFileType = file.storyboard; name = Base; path = Base.lproj/Main.storyboard; sourceTree = "<group>"; };
		93E6864A1D8A9DA20078A737 /* Assets.xcassets */ = {isa = PBXFileReference; lastKnownFileType = folder.assetcatalog; path = Assets.xcassets; sourceTree = "<group>"; };
		93E6864D1D8A9DA20078A737 /* Base */ = {isa = PBXFileReference; lastKnownFileType = file.storyboard; name = Base; path = Base.lproj/LaunchScreen.storyboard; sourceTree = "<group>"; };
		93E6864F1D8A9DA20078A737 /* Info.plist */ = {isa = PBXFileReference; lastKnownFileType = text.plist.xml; path = Info.plist; sourceTree = "<group>"; };
		93E686541D8A9DA20078A737 /* KebabMenuSwiftTests.xctest */ = {isa = PBXFileReference; explicitFileType = wrapper.cfbundle; includeInIndex = 0; path = KebabMenuSwiftTests.xctest; sourceTree = BUILT_PRODUCTS_DIR; };
		93E686581D8A9DA20078A737 /* KebabMenuSwiftTests.swift */ = {isa = PBXFileReference; lastKnownFileType = sourcecode.swift; path = KebabMenuSwiftTests.swift; sourceTree = "<group>"; };
		93E6865A1D8A9DA20078A737 /* Info.plist */ = {isa = PBXFileReference; lastKnownFileType = text.plist.xml; path = Info.plist; sourceTree = "<group>"; };
		93E6865F1D8A9DA20078A737 /* KebabMenuSwiftUITests.xctest */ = {isa = PBXFileReference; explicitFileType = wrapper.cfbundle; includeInIndex = 0; path = KebabMenuSwiftUITests.xctest; sourceTree = BUILT_PRODUCTS_DIR; };
		93E686631D8A9DA20078A737 /* KebabMenuSwiftUITests.swift */ = {isa = PBXFileReference; lastKnownFileType = sourcecode.swift; path = KebabMenuSwiftUITests.swift; sourceTree = "<group>"; };
		93E686651D8A9DA20078A737 /* Info.plist */ = {isa = PBXFileReference; lastKnownFileType = text.plist.xml; path = Info.plist; sourceTree = "<group>"; };
		93E686721D8A9E610078A737 /* Menu.swift */ = {isa = PBXFileReference; fileEncoding = 4; lastKnownFileType = sourcecode.swift; name = Menu.swift; path = KebabMenu/Menu.swift; sourceTree = "<group>"; };
		93E686731D8A9E610078A737 /* MenuCell.swift */ = {isa = PBXFileReference; fileEncoding = 4; lastKnownFileType = sourcecode.swift; name = MenuCell.swift; path = KebabMenu/MenuCell.swift; sourceTree = "<group>"; };
		93E686741D8A9E610078A737 /* MenuCell.xib */ = {isa = PBXFileReference; fileEncoding = 4; lastKnownFileType = file.xib; name = MenuCell.xib; path = KebabMenu/MenuCell.xib; sourceTree = "<group>"; };
		93E686751D8A9E610078A737 /* MenuLauncher.swift */ = {isa = PBXFileReference; fileEncoding = 4; lastKnownFileType = sourcecode.swift; name = MenuLauncher.swift; path = KebabMenu/MenuLauncher.swift; sourceTree = "<group>"; };
/* End PBXFileReference section */

/* Begin PBXFrameworksBuildPhase section */
		93E6863D1D8A9DA20078A737 /* Frameworks */ = {
			isa = PBXFrameworksBuildPhase;
			buildActionMask = 2147483647;
			files = (
			);
			runOnlyForDeploymentPostprocessing = 0;
		};
		93E686511D8A9DA20078A737 /* Frameworks */ = {
			isa = PBXFrameworksBuildPhase;
			buildActionMask = 2147483647;
			files = (
			);
			runOnlyForDeploymentPostprocessing = 0;
		};
		93E6865C1D8A9DA20078A737 /* Frameworks */ = {
			isa = PBXFrameworksBuildPhase;
			buildActionMask = 2147483647;
			files = (
			);
			runOnlyForDeploymentPostprocessing = 0;
		};
/* End PBXFrameworksBuildPhase section */

/* Begin PBXGroup section */
		93E686371D8A9DA20078A737 = {
			isa = PBXGroup;
			children = (
				93E686421D8A9DA20078A737 /* KebabMenuSwift */,
				93E686571D8A9DA20078A737 /* KebabMenuSwiftTests */,
				93E686621D8A9DA20078A737 /* KebabMenuSwiftUITests */,
				93E686411D8A9DA20078A737 /* Products */,
			);
			sourceTree = "<group>";
		};
		93E686411D8A9DA20078A737 /* Products */ = {
			isa = PBXGroup;
			children = (
				93E686401D8A9DA20078A737 /* KebabMenuSwift.app */,
				93E686541D8A9DA20078A737 /* KebabMenuSwiftTests.xctest */,
				93E6865F1D8A9DA20078A737 /* KebabMenuSwiftUITests.xctest */,
			);
			name = Products;
			sourceTree = "<group>";
		};
		93E686421D8A9DA20078A737 /* KebabMenuSwift */ = {
			isa = PBXGroup;
			children = (
				93E686711D8A9E1A0078A737 /* KebabMenu */,
				93E686431D8A9DA20078A737 /* AppDelegate.swift */,
				93E686451D8A9DA20078A737 /* ViewController.swift */,
				93E686471D8A9DA20078A737 /* Main.storyboard */,
				93E6864A1D8A9DA20078A737 /* Assets.xcassets */,
				93E6864C1D8A9DA20078A737 /* LaunchScreen.storyboard */,
				93E6864F1D8A9DA20078A737 /* Info.plist */,
			);
			path = KebabMenuSwift;
			sourceTree = "<group>";
		};
		93E686571D8A9DA20078A737 /* KebabMenuSwiftTests */ = {
			isa = PBXGroup;
			children = (
				93E686581D8A9DA20078A737 /* KebabMenuSwiftTests.swift */,
				93E6865A1D8A9DA20078A737 /* Info.plist */,
			);
			path = KebabMenuSwiftTests;
			sourceTree = "<group>";
		};
		93E686621D8A9DA20078A737 /* KebabMenuSwiftUITests */ = {
			isa = PBXGroup;
			children = (
				93E686631D8A9DA20078A737 /* KebabMenuSwiftUITests.swift */,
				93E686651D8A9DA20078A737 /* Info.plist */,
			);
			path = KebabMenuSwiftUITests;
			sourceTree = "<group>";
		};
		93E686711D8A9E1A0078A737 /* KebabMenu */ = {
			isa = PBXGroup;
			children = (
				93E686721D8A9E610078A737 /* Menu.swift */,
				93E686731D8A9E610078A737 /* MenuCell.swift */,
				93E686741D8A9E610078A737 /* MenuCell.xib */,
				93E686751D8A9E610078A737 /* MenuLauncher.swift */,
			);
			name = KebabMenu;
			sourceTree = "<group>";
		};
/* End PBXGroup section */

/* Begin PBXNativeTarget section */
		93E6863F1D8A9DA20078A737 /* KebabMenuSwift */ = {
			isa = PBXNativeTarget;
			buildConfigurationList = 93E686681D8A9DA20078A737 /* Build configuration list for PBXNativeTarget "KebabMenuSwift" */;
			buildPhases = (
				93E6863C1D8A9DA20078A737 /* Sources */,
				93E6863D1D8A9DA20078A737 /* Frameworks */,
				93E6863E1D8A9DA20078A737 /* Resources */,
			);
			buildRules = (
			);
			dependencies = (
			);
			name = KebabMenuSwift;
			productName = KebabMenuSwift;
			productReference = 93E686401D8A9DA20078A737 /* KebabMenuSwift.app */;
			productType = "com.apple.product-type.application";
		};
		93E686531D8A9DA20078A737 /* KebabMenuSwiftTests */ = {
			isa = PBXNativeTarget;
			buildConfigurationList = 93E6866B1D8A9DA20078A737 /* Build configuration list for PBXNativeTarget "KebabMenuSwiftTests" */;
			buildPhases = (
				93E686501D8A9DA20078A737 /* Sources */,
				93E686511D8A9DA20078A737 /* Frameworks */,
				93E686521D8A9DA20078A737 /* Resources */,
			);
			buildRules = (
			);
			dependencies = (
				93E686561D8A9DA20078A737 /* PBXTargetDependency */,
			);
			name = KebabMenuSwiftTests;
			productName = KebabMenuSwiftTests;
			productReference = 93E686541D8A9DA20078A737 /* KebabMenuSwiftTests.xctest */;
			productType = "com.apple.product-type.bundle.unit-test";
		};
		93E6865E1D8A9DA20078A737 /* KebabMenuSwiftUITests */ = {
			isa = PBXNativeTarget;
			buildConfigurationList = 93E6866E1D8A9DA20078A737 /* Build configuration list for PBXNativeTarget "KebabMenuSwiftUITests" */;
			buildPhases = (
				93E6865B1D8A9DA20078A737 /* Sources */,
				93E6865C1D8A9DA20078A737 /* Frameworks */,
				93E6865D1D8A9DA20078A737 /* Resources */,
			);
			buildRules = (
			);
			dependencies = (
				93E686611D8A9DA20078A737 /* PBXTargetDependency */,
			);
			name = KebabMenuSwiftUITests;
			productName = KebabMenuSwiftUITests;
			productReference = 93E6865F1D8A9DA20078A737 /* KebabMenuSwiftUITests.xctest */;
			productType = "com.apple.product-type.bundle.ui-testing";
		};
/* End PBXNativeTarget section */

/* Begin PBXProject section */
		93E686381D8A9DA20078A737 /* Project object */ = {
			isa = PBXProject;
			attributes = {
				LastSwiftUpdateCheck = 0730;
				LastUpgradeCheck = 0730;
				ORGANIZATIONNAME = "Hai Phan";
				TargetAttributes = {
					93E6863F1D8A9DA20078A737 = {
						CreatedOnToolsVersion = 7.3.1;
					};
					93E686531D8A9DA20078A737 = {
						CreatedOnToolsVersion = 7.3.1;
						TestTargetID = 93E6863F1D8A9DA20078A737;
					};
					93E6865E1D8A9DA20078A737 = {
						CreatedOnToolsVersion = 7.3.1;
						TestTargetID = 93E6863F1D8A9DA20078A737;
					};
				};
			};
			buildConfigurationList = 93E6863B1D8A9DA20078A737 /* Build configuration list for PBXProject "KebabMenuSwift" */;
			compatibilityVersion = "Xcode 3.2";
			developmentRegion = English;
			hasScannedForEncodings = 0;
			knownRegions = (
				en,
				Base,
			);
			mainGroup = 93E686371D8A9DA20078A737;
			productRefGroup = 93E686411D8A9DA20078A737 /* Products */;
			projectDirPath = "";
			projectRoot = "";
			targets = (
				93E6863F1D8A9DA20078A737 /* KebabMenuSwift */,
				93E686531D8A9DA20078A737 /* KebabMenuSwiftTests */,
				93E6865E1D8A9DA20078A737 /* KebabMenuSwiftUITests */,
			);
		};
/* End PBXProject section */

/* Begin PBXResourcesBuildPhase section */
		93E6863E1D8A9DA20078A737 /* Resources */ = {
			isa = PBXResourcesBuildPhase;
			buildActionMask = 2147483647;
			files = (
				93E6864E1D8A9DA20078A737 /* LaunchScreen.storyboard in Resources */,
				93E6864B1D8A9DA20078A737 /* Assets.xcassets in Resources */,
				93E686781D8A9E610078A737 /* MenuCell.xib in Resources */,
				93E686491D8A9DA20078A737 /* Main.storyboard in Resources */,
			);
			runOnlyForDeploymentPostprocessing = 0;
		};
		93E686521D8A9DA20078A737 /* Resources */ = {
			isa = PBXResourcesBuildPhase;
			buildActionMask = 2147483647;
			files = (
			);
			runOnlyForDeploymentPostprocessing = 0;
		};
		93E6865D1D8A9DA20078A737 /* Resources */ = {
			isa = PBXResourcesBuildPhase;
			buildActionMask = 2147483647;
			files = (
			);
			runOnlyForDeploymentPostprocessing = 0;
		};
/* End PBXResourcesBuildPhase section */

/* Begin PBXSourcesBuildPhase section */
		93E6863C1D8A9DA20078A737 /* Sources */ = {
			isa = PBXSourcesBuildPhase;
			buildActionMask = 2147483647;
			files = (
				93E686761D8A9E610078A737 /* Menu.swift in Sources */,
				93E686461D8A9DA20078A737 /* ViewController.swift in Sources */,
				93E686771D8A9E610078A737 /* MenuCell.swift in Sources */,
				93E686791D8A9E610078A737 /* MenuLauncher.swift in Sources */,
				93E686441D8A9DA20078A737 /* AppDelegate.swift in Sources */,
			);
			runOnlyForDeploymentPostprocessing = 0;
		};
		93E686501D8A9DA20078A737 /* Sources */ = {
			isa = PBXSourcesBuildPhase;
			buildActionMask = 2147483647;
			files = (
				93E686591D8A9DA20078A737 /* KebabMenuSwiftTests.swift in Sources */,
			);
			runOnlyForDeploymentPostprocessing = 0;
		};
		93E6865B1D8A9DA20078A737 /* Sources */ = {
			isa = PBXSourcesBuildPhase;
			buildActionMask = 2147483647;
			files = (
				93E686641D8A9DA20078A737 /* KebabMenuSwiftUITests.swift in Sources */,
			);
			runOnlyForDeploymentPostprocessing = 0;
		};
/* End PBXSourcesBuildPhase section */

/* Begin PBXTargetDependency section */
		93E686561D8A9DA20078A737 /* PBXTargetDependency */ = {
			isa = PBXTargetDependency;
			target = 93E6863F1D8A9DA20078A737 /* KebabMenuSwift */;
			targetProxy = 93E686551D8A9DA20078A737 /* PBXContainerItemProxy */;
		};
		93E686611D8A9DA20078A737 /* PBXTargetDependency */ = {
			isa = PBXTargetDependency;
			target = 93E6863F1D8A9DA20078A737 /* KebabMenuSwift */;
			targetProxy = 93E686601D8A9DA20078A737 /* PBXContainerItemProxy */;
		};
/* End PBXTargetDependency section */

/* Begin PBXVariantGroup section */
		93E686471D8A9DA20078A737 /* Main.storyboard */ = {
			isa = PBXVariantGroup;
			children = (
				93E686481D8A9DA20078A737 /* Base */,
			);
			name = Main.storyboard;
			sourceTree = "<group>";
		};
		93E6864C1D8A9DA20078A737 /* LaunchScreen.storyboard */ = {
			isa = PBXVariantGroup;
			children = (
				93E6864D1D8A9DA20078A737 /* Base */,
			);
			name = LaunchScreen.storyboard;
			sourceTree = "<group>";
		};
/* End PBXVariantGroup section */

/* Begin XCBuildConfiguration section */
		93E686661D8A9DA20078A737 /* Debug */ = {
			isa = XCBuildConfiguration;
			buildSettings = {
				ALWAYS_SEARCH_USER_PATHS = NO;
				CLANG_ANALYZER_NONNULL = YES;
				CLANG_CXX_LANGUAGE_STANDARD = "gnu++0x";
				CLANG_CXX_LIBRARY = "libc++";
				CLANG_ENABLE_MODULES = YES;
				CLANG_ENABLE_OBJC_ARC = YES;
				CLANG_WARN_BOOL_CONVERSION = YES;
				CLANG_WARN_CONSTANT_CONVERSION = YES;
				CLANG_WARN_DIRECT_OBJC_ISA_USAGE = YES_ERROR;
				CLANG_WARN_EMPTY_BODY = YES;
				CLANG_WARN_ENUM_CONVERSION = YES;
				CLANG_WARN_INT_CONVERSION = YES;
				CLANG_WARN_OBJC_ROOT_CLASS = YES_ERROR;
				CLANG_WARN_UNREACHABLE_CODE = YES;
				CLANG_WARN__DUPLICATE_METHOD_MATCH = YES;
				"CODE_SIGN_IDENTITY[sdk=iphoneos*]" = "iPhone Developer";
				COPY_PHASE_STRIP = NO;
				DEBUG_INFORMATION_FORMAT = dwarf;
				ENABLE_STRICT_OBJC_MSGSEND = YES;
				ENABLE_TESTABILITY = YES;
				GCC_C_LANGUAGE_STANDARD = gnu99;
				GCC_DYNAMIC_NO_PIC = NO;
				GCC_NO_COMMON_BLOCKS = YES;
				GCC_OPTIMIZATION_LEVEL = 0;
				GCC_PREPROCESSOR_DEFINITIONS = (
					"DEBUG=1",
					"$(inherited)",
				);
				GCC_WARN_64_TO_32_BIT_CONVERSION = YES;
				GCC_WARN_ABOUT_RETURN_TYPE = YES_ERROR;
				GCC_WARN_UNDECLARED_SELECTOR = YES;
				GCC_WARN_UNINITIALIZED_AUTOS = YES_AGGRESSIVE;
				GCC_WARN_UNUSED_FUNCTION = YES;
				GCC_WARN_UNUSED_VARIABLE = YES;
				IPHONEOS_DEPLOYMENT_TARGET = 9.3;
				MTL_ENABLE_DEBUG_INFO = YES;
				ONLY_ACTIVE_ARCH = YES;
				SDKROOT = iphoneos;
				SWIFT_OPTIMIZATION_LEVEL = "-Onone";
				TARGETED_DEVICE_FAMILY = "1,2";
			};
			name = Debug;
		};
		93E686671D8A9DA20078A737 /* Release */ = {
			isa = XCBuildConfiguration;
			buildSettings = {
				ALWAYS_SEARCH_USER_PATHS = NO;
				CLANG_ANALYZER_NONNULL = YES;
				CLANG_CXX_LANGUAGE_STANDARD = "gnu++0x";
				CLANG_CXX_LIBRARY = "libc++";
				CLANG_ENABLE_MODULES = YES;
				CLANG_ENABLE_OBJC_ARC = YES;
				CLANG_WARN_BOOL_CONVERSION = YES;
				CLANG_WARN_CONSTANT_CONVERSION = YES;
				CLANG_WARN_DIRECT_OBJC_ISA_USAGE = YES_ERROR;
				CLANG_WARN_EMPTY_BODY = YES;
				CLANG_WARN_ENUM_CONVERSION = YES;
				CLANG_WARN_INT_CONVERSION = YES;
				CLANG_WARN_OBJC_ROOT_CLASS = YES_ERROR;
				CLANG_WARN_UNREACHABLE_CODE = YES;
				CLANG_WARN__DUPLICATE_METHOD_MATCH = YES;
				"CODE_SIGN_IDENTITY[sdk=iphoneos*]" = "iPhone Developer";
				COPY_PHASE_STRIP = NO;
				DEBUG_INFORMATION_FORMAT = "dwarf-with-dsym";
				ENABLE_NS_ASSERTIONS = NO;
				ENABLE_STRICT_OBJC_MSGSEND = YES;
				GCC_C_LANGUAGE_STANDARD = gnu99;
				GCC_NO_COMMON_BLOCKS = YES;
				GCC_WARN_64_TO_32_BIT_CONVERSION = YES;
				GCC_WARN_ABOUT_RETURN_TYPE = YES_ERROR;
				GCC_WARN_UNDECLARED_SELECTOR = YES;
				GCC_WARN_UNINITIALIZED_AUTOS = YES_AGGRESSIVE;
				GCC_WARN_UNUSED_FUNCTION = YES;
				GCC_WARN_UNUSED_VARIABLE = YES;
				IPHONEOS_DEPLOYMENT_TARGET = 9.3;
				MTL_ENABLE_DEBUG_INFO = NO;
				SDKROOT = iphoneos;
				TARGETED_DEVICE_FAMILY = "1,2";
				VALIDATE_PRODUCT = YES;
			};
			name = Release;
		};
		93E686691D8A9DA20078A737 /* Debug */ = {
			isa = XCBuildConfiguration;
			buildSettings = {
				ASSETCATALOG_COMPILER_APPICON_NAME = AppIcon;
				INFOPLIST_FILE = KebabMenuSwift/Info.plist;
				IPHONEOS_DEPLOYMENT_TARGET = 8.0;
				LD_RUNPATH_SEARCH_PATHS = "$(inherited) @executable_path/Frameworks";
				PRODUCT_BUNDLE_IDENTIFIER = com.haiphan.KebabMenuSwift;
				PRODUCT_NAME = "$(TARGET_NAME)";
				TARGETED_DEVICE_FAMILY = 1;
			};
			name = Debug;
		};
		93E6866A1D8A9DA20078A737 /* Release */ = {
			isa = XCBuildConfiguration;
			buildSettings = {
				ASSETCATALOG_COMPILER_APPICON_NAME = AppIcon;
				INFOPLIST_FILE = KebabMenuSwift/Info.plist;
				IPHONEOS_DEPLOYMENT_TARGET = 8.0;
				LD_RUNPATH_SEARCH_PATHS = "$(inherited) @executable_path/Frameworks";
				PRODUCT_BUNDLE_IDENTIFIER = com.haiphan.KebabMenuSwift;
				PRODUCT_NAME = "$(TARGET_NAME)";
				TARGETED_DEVICE_FAMILY = 1;
			};
			name = Release;
		};
		93E6866C1D8A9DA20078A737 /* Debug */ = {
			isa = XCBuildConfiguration;
			buildSettings = {
				BUNDLE_LOADER = "$(TEST_HOST)";
				INFOPLIST_FILE = KebabMenuSwiftTests/Info.plist;
				LD_RUNPATH_SEARCH_PATHS = "$(inherited) @executable_path/Frameworks @loader_path/Frameworks";
				PRODUCT_BUNDLE_IDENTIFIER = com.haiphan.KebabMenuSwiftTests;
				PRODUCT_NAME = "$(TARGET_NAME)";
				TEST_HOST = "$(BUILT_PRODUCTS_DIR)/KebabMenuSwift.app/KebabMenuSwift";
			};
			name = Debug;
		};
		93E6866D1D8A9DA20078A737 /* Release */ = {
			isa = XCBuildConfiguration;
			buildSettings = {
				BUNDLE_LOADER = "$(TEST_HOST)";
				INFOPLIST_FILE = KebabMenuSwiftTests/Info.plist;
				LD_RUNPATH_SEARCH_PATHS = "$(inherited) @executable_path/Frameworks @loader_path/Frameworks";
				PRODUCT_BUNDLE_IDENTIFIER = com.haiphan.KebabMenuSwiftTests;
				PRODUCT_NAME = "$(TARGET_NAME)";
				TEST_HOST = "$(BUILT_PRODUCTS_DIR)/KebabMenuSwift.app/KebabMenuSwift";
			};
			name = Release;
		};
		93E6866F1D8A9DA20078A737 /* Debug */ = {
			isa = XCBuildConfiguration;
			buildSettings = {
				INFOPLIST_FILE = KebabMenuSwiftUITests/Info.plist;
				LD_RUNPATH_SEARCH_PATHS = "$(inherited) @executable_path/Frameworks @loader_path/Frameworks";
				PRODUCT_BUNDLE_IDENTIFIER = com.haiphan.KebabMenuSwiftUITests;
				PRODUCT_NAME = "$(TARGET_NAME)";
				TEST_TARGET_NAME = KebabMenuSwift;
			};
			name = Debug;
		};
		93E686701D8A9DA20078A737 /* Release */ = {
			isa = XCBuildConfiguration;
			buildSettings = {
				INFOPLIST_FILE = KebabMenuSwiftUITests/Info.plist;
				LD_RUNPATH_SEARCH_PATHS = "$(inherited) @executable_path/Frameworks @loader_path/Frameworks";
				PRODUCT_BUNDLE_IDENTIFIER = com.haiphan.KebabMenuSwiftUITests;
				PRODUCT_NAME = "$(TARGET_NAME)";
				TEST_TARGET_NAME = KebabMenuSwift;
			};
			name = Release;
		};
/* End XCBuildConfiguration section */

/* Begin XCConfigurationList section */
		93E6863B1D8A9DA20078A737 /* Build configuration list for PBXProject "KebabMenuSwift" */ = {
			isa = XCConfigurationList;
			buildConfigurations = (
				93E686661D8A9DA20078A737 /* Debug */,
				93E686671D8A9DA20078A737 /* Release */,
			);
			defaultConfigurationIsVisible = 0;
			defaultConfigurationName = Release;
		};
		93E686681D8A9DA20078A737 /* Build configuration list for PBXNativeTarget "KebabMenuSwift" */ = {
			isa = XCConfigurationList;
			buildConfigurations = (
				93E686691D8A9DA20078A737 /* Debug */,
				93E6866A1D8A9DA20078A737 /* Release */,
			);
			defaultConfigurationIsVisible = 0;
		};
		93E6866B1D8A9DA20078A737 /* Build configuration list for PBXNativeTarget "KebabMenuSwiftTests" */ = {
			isa = XCConfigurationList;
			buildConfigurations = (
				93E6866C1D8A9DA20078A737 /* Debug */,
				93E6866D1D8A9DA20078A737 /* Release */,
			);
			defaultConfigurationIsVisible = 0;
		};
		93E6866E1D8A9DA20078A737 /* Build configuration list for PBXNativeTarget "KebabMenuSwiftUITests" */ = {
			isa = XCConfigurationList;
			buildConfigurations = (
				93E6866F1D8A9DA20078A737 /* Debug */,
				93E686701D8A9DA20078A737 /* Release */,
			);
			defaultConfigurationIsVisible = 0;
		};
/* End XCConfigurationList section */
	};
	rootObject = 93E686381D8A9DA20078A737 /* Project object */;
}
